{
  "version": "5",
  "specifiers": {
    "jsr:@valibot/valibot@*": "1.3.1",
    "jsr:@valibot/valibot@^1.3.1": "1.3.1"
  },
  "jsr": {
    "@valibot/valibot@1.3.1": {
      "integrity": "635faaec9d32a25efca7b4614e7a07306cc03937bfd0679e05530d31081bc501"
    }
  },
  "workspace": {
    "dependencies": [
      "jsr:@valibot/valibot@^1.3.1"
    ]
  }
}
